
Microsoft Visual Studio Solution File, Format Version 12.00
# Visual Studio Version 16
VisualStudioVersion = 16.0.32106.194
MinimumVisualStudioVersion = 10.0.40219.1
Project("{9A19103F-16F7-4668-BE54-9A1E7A4F7556}") = "IntroductionToClassesAndObjects", "IntroductionToClassesAndObjects\IntroductionToClassesAndObjects.csproj", "{E9A71111-E12D-4487-A7B4-31908121B3DC}"
EndProject
Project("{9A19103F-16F7-4668-BE54-9A1E7A4F7556}") = "Constructors", "Constructors\Constructors.csproj", "{D6415BFC-D117-493C-857E-E00161885C02}"
EndProject
Project("{9A19103F-16F7-4668-BE54-9A1E7A4F7556}") = "Methods", "Methods\Methods.csproj", "{512F7CD9-DCCB-4A8B-9F50-68340684006B}"
EndProject
Project("{9A19103F-16F7-4668-BE54-9A1E7A4F7556}") = "Fields", "Fields\Fields.csproj", "{3E42541A-68B1-4F6E-98E8-09DD813E879A}"
EndProject
Project("{9A19103F-16F7-4668-BE54-9A1E7A4F7556}") = "AccessModifiers", "AccessModifiers\AccessModifiers.csproj", "{72E60F9A-E2DD-40A7-8C3D-465E2C59F228}"
EndProject
Project("{9A19103F-16F7-4668-BE54-9A1E7A4F7556}") = "Properties", "Properties\Properties.csproj", "{700107F2-9AE5-4121-8C33-D95BDA1BCC88}"
EndProject
Project("{9A19103F-16F7-4668-BE54-9A1E7A4F7556}") = "Indexers", "Indexers\Indexers.csproj", "{4653FD07-7CFA-45B9-B9DB-842EF3496CB6}"
EndProject
Project("{9A19103F-16F7-4668-BE54-9A1E7A4F7556}") = "StopwatchApplication", "StopwatchApplication\StopwatchApplication.csproj", "{D762E2A8-6FEC-464F-8DE2-D3F01E3D9987}"
EndProject
Project("{9A19103F-16F7-4668-BE54-9A1E7A4F7556}") = "StackOverFlowPostApplication", "StackOverFlowPostApplication\StackOverFlowPostApplication.csproj", "{5A28EF2F-A91B-40B9-A49C-232C4A49FC6A}"
EndProject
Project("{9A19103F-16F7-4668-BE54-9A1E7A4F7556}") = "Inheritance", "Inheritance\Inheritance.csproj", "{8745E1A0-2FA8-4D0B-A544-C97D169E0F2C}"
EndProject
Project("{9A19103F-16F7-4668-BE54-9A1E7A4F7556}") = "Composition", "Composition\Composition.csproj", "{60A000B0-F43D-4491-8506-FFAE8CD76CDC}"
EndProject
Project("{9A19103F-16F7-4668-BE54-9A1E7A4F7556}") = "AccessModifiersInInheritance", "AccessModifiersInInheritance\AccessModifiersInInheritance.csproj", "{833089F8-4969-46CF-9A44-EF7C4823D813}"
EndProject
Project("{9A19103F-16F7-4668-BE54-9A1E7A4F7556}") = "Amazon", "Amazon\Amazon.csproj", "{6FA12AA3-BA63-43E1-81D8-E98C0CB8A370}"
EndProject
Project("{9A19103F-16F7-4668-BE54-9A1E7A4F7556}") = "ConstructorsInInheritance", "ConstructorsInInheritance\ConstructorsInInheritance.csproj", "{E11D7A9E-E311-46EE-B2C5-E04F8335B138}"
EndProject
Project("{9A19103F-16F7-4668-BE54-9A1E7A4F7556}") = "UpcastingAndDowncasting", "UpcastingAndDowncasting\UpcastingAndDowncasting.csproj", "{FA0DA382-84BA-45A1-80DB-BED3DF78244B}"
EndProject
Project("{FAE04EC0-301F-11D3-BF4B-00C04F79EFBC}") = "DowncastingScenario", "DowncastingScenario\DowncastingScenario.csproj", "{86A14810-B3A4-4BC4-8897-8A0C28EF6AAB}"
EndProject
Project("{FAE04EC0-301F-11D3-BF4B-00C04F79EFBC}") = "StackDesignApplication", "StackDesignApplication\StackDesignApplication.csproj", "{50879A66-3998-4E50-824F-39B0FD47574A}"
EndProject
Global
	GlobalSection(SolutionConfigurationPlatforms) = preSolution
		Debug|Any CPU = Debug|Any CPU
		Release|Any CPU = Release|Any CPU
	EndGlobalSection
	GlobalSection(ProjectConfigurationPlatforms) = postSolution
		{E9A71111-E12D-4487-A7B4-31908121B3DC}.Debug|Any CPU.ActiveCfg = Debug|Any CPU
		{E9A71111-E12D-4487-A7B4-31908121B3DC}.Debug|Any CPU.Build.0 = Debug|Any CPU
		{E9A71111-E12D-4487-A7B4-31908121B3DC}.Release|Any CPU.ActiveCfg = Release|Any CPU
		{E9A71111-E12D-4487-A7B4-31908121B3DC}.Release|Any CPU.Build.0 = Release|Any CPU
		{D6415BFC-D117-493C-857E-E00161885C02}.Debug|Any CPU.ActiveCfg = Debug|Any CPU
		{D6415BFC-D117-493C-857E-E00161885C02}.Debug|Any CPU.Build.0 = Debug|Any CPU
		{D6415BFC-D117-493C-857E-E00161885C02}.Release|Any CPU.ActiveCfg = Release|Any CPU
		{D6415BFC-D117-493C-857E-E00161885C02}.Release|Any CPU.Build.0 = Release|Any CPU
		{512F7CD9-DCCB-4A8B-9F50-68340684006B}.Debug|Any CPU.ActiveCfg = Debug|Any CPU
		{512F7CD9-DCCB-4A8B-9F50-68340684006B}.Debug|Any CPU.Build.0 = Debug|Any CPU
		{512F7CD9-DCCB-4A8B-9F50-68340684006B}.Release|Any CPU.ActiveCfg = Release|Any CPU
		{512F7CD9-DCCB-4A8B-9F50-68340684006B}.Release|Any CPU.Build.0 = Release|Any CPU
		{3E42541A-68B1-4F6E-98E8-09DD813E879A}.Debug|Any CPU.ActiveCfg = Debug|Any CPU
		{3E42541A-68B1-4F6E-98E8-09DD813E879A}.Debug|Any CPU.Build.0 = Debug|Any CPU
		{3E42541A-68B1-4F6E-98E8-09DD813E879A}.Release|Any CPU.ActiveCfg = Release|Any CPU
		{3E42541A-68B1-4F6E-98E8-09DD813E879A}.Release|Any CPU.Build.0 = Release|Any CPU
		{72E60F9A-E2DD-40A7-8C3D-465E2C59F228}.Debug|Any CPU.ActiveCfg = Debug|Any CPU
		{72E60F9A-E2DD-40A7-8C3D-465E2C59F228}.Debug|Any CPU.Build.0 = Debug|Any CPU
		{72E60F9A-E2DD-40A7-8C3D-465E2C59F228}.Release|Any CPU.ActiveCfg = Release|Any CPU
		{72E60F9A-E2DD-40A7-8C3D-465E2C59F228}.Release|Any CPU.Build.0 = Release|Any CPU
		{700107F2-9AE5-4121-8C33-D95BDA1BCC88}.Debug|Any CPU.ActiveCfg = Debug|Any CPU
		{700107F2-9AE5-4121-8C33-D95BDA1BCC88}.Debug|Any CPU.Build.0 = Debug|Any CPU
		{700107F2-9AE5-4121-8C33-D95BDA1BCC88}.Release|Any CPU.ActiveCfg = Release|Any CPU
		{700107F2-9AE5-4121-8C33-D95BDA1BCC88}.Release|Any CPU.Build.0 = Release|Any CPU
		{4653FD07-7CFA-45B9-B9DB-842EF3496CB6}.Debug|Any CPU.ActiveCfg = Debug|Any CPU
		{4653FD07-7CFA-45B9-B9DB-842EF3496CB6}.Debug|Any CPU.Build.0 = Debug|Any CPU
		{4653FD07-7CFA-45B9-B9DB-842EF3496CB6}.Release|Any CPU.ActiveCfg = Release|Any CPU
		{4653FD07-7CFA-45B9-B9DB-842EF3496CB6}.Release|Any CPU.Build.0 = Release|Any CPU
		{D762E2A8-6FEC-464F-8DE2-D3F01E3D9987}.Debug|Any CPU.ActiveCfg = Debug|Any CPU
		{D762E2A8-6FEC-464F-8DE2-D3F01E3D9987}.Debug|Any CPU.Build.0 = Debug|Any CPU
		{D762E2A8-6FEC-464F-8DE2-D3F01E3D9987}.Release|Any CPU.ActiveCfg = Release|Any CPU
		{D762E2A8-6FEC-464F-8DE2-D3F01E3D9987}.Release|Any CPU.Build.0 = Release|Any CPU
		{5A28EF2F-A91B-40B9-A49C-232C4A49FC6A}.Debug|Any CPU.ActiveCfg = Debug|Any CPU
		{5A28EF2F-A91B-40B9-A49C-232C4A49FC6A}.Debug|Any CPU.Build.0 = Debug|Any CPU
		{5A28EF2F-A91B-40B9-A49C-232C4A49FC6A}.Release|Any CPU.ActiveCfg = Release|Any CPU
		{5A28EF2F-A91B-40B9-A49C-232C4A49FC6A}.Release|Any CPU.Build.0 = Release|Any CPU
		{8745E1A0-2FA8-4D0B-A544-C97D169E0F2C}.Debug|Any CPU.ActiveCfg = Debug|Any CPU
		{8745E1A0-2FA8-4D0B-A544-C97D169E0F2C}.Debug|Any CPU.Build.0 = Debug|Any CPU
		{8745E1A0-2FA8-4D0B-A544-C97D169E0F2C}.Release|Any CPU.ActiveCfg = Release|Any CPU
		{8745E1A0-2FA8-4D0B-A544-C97D169E0F2C}.Release|Any CPU.Build.0 = Release|Any CPU
		{60A000B0-F43D-4491-8506-FFAE8CD76CDC}.Debug|Any CPU.ActiveCfg = Debug|Any CPU
		{60A000B0-F43D-4491-8506-FFAE8CD76CDC}.Debug|Any CPU.Build.0 = Debug|Any CPU
		{60A000B0-F43D-4491-8506-FFAE8CD76CDC}.Release|Any CPU.ActiveCfg = Release|Any CPU
		{60A000B0-F43D-4491-8506-FFAE8CD76CDC}.Release|Any CPU.Build.0 = Release|Any CPU
		{833089F8-4969-46CF-9A44-EF7C4823D813}.Debug|Any CPU.ActiveCfg = Debug|Any CPU
		{833089F8-4969-46CF-9A44-EF7C4823D813}.Debug|Any CPU.Build.0 = Debug|Any CPU
		{833089F8-4969-46CF-9A44-EF7C4823D813}.Release|Any CPU.ActiveCfg = Release|Any CPU
		{833089F8-4969-46CF-9A44-EF7C4823D813}.Release|Any CPU.Build.0 = Release|Any CPU
		{6FA12AA3-BA63-43E1-81D8-E98C0CB8A370}.Debug|Any CPU.ActiveCfg = Debug|Any CPU
		{6FA12AA3-BA63-43E1-81D8-E98C0CB8A370}.Debug|Any CPU.Build.0 = Debug|Any CPU
		{6FA12AA3-BA63-43E1-81D8-E98C0CB8A370}.Release|Any CPU.ActiveCfg = Release|Any CPU
		{6FA12AA3-BA63-43E1-81D8-E98C0CB8A370}.Release|Any CPU.Build.0 = Release|Any CPU
		{E11D7A9E-E311-46EE-B2C5-E04F8335B138}.Debug|Any CPU.ActiveCfg = Debug|Any CPU
		{E11D7A9E-E311-46EE-B2C5-E04F8335B138}.Debug|Any CPU.Build.0 = Debug|Any CPU
		{E11D7A9E-E311-46EE-B2C5-E04F8335B138}.Release|Any CPU.ActiveCfg = Release|Any CPU
		{E11D7A9E-E311-46EE-B2C5-E04F8335B138}.Release|Any CPU.Build.0 = Release|Any CPU
		{FA0DA382-84BA-45A1-80DB-BED3DF78244B}.Debug|Any CPU.ActiveCfg = Debug|Any CPU
		{FA0DA382-84BA-45A1-80DB-BED3DF78244B}.Debug|Any CPU.Build.0 = Debug|Any CPU
		{FA0DA382-84BA-45A1-80DB-BED3DF78244B}.Release|Any CPU.ActiveCfg = Release|Any CPU
		{FA0DA382-84BA-45A1-80DB-BED3DF78244B}.Release|Any CPU.Build.0 = Release|Any CPU
		{86A14810-B3A4-4BC4-8897-8A0C28EF6AAB}.Debug|Any CPU.ActiveCfg = Debug|Any CPU
		{86A14810-B3A4-4BC4-8897-8A0C28EF6AAB}.Debug|Any CPU.Build.0 = Debug|Any CPU
		{86A14810-B3A4-4BC4-8897-8A0C28EF6AAB}.Release|Any CPU.ActiveCfg = Release|Any CPU
		{86A14810-B3A4-4BC4-8897-8A0C28EF6AAB}.Release|Any CPU.Build.0 = Release|Any CPU
		{50879A66-3998-4E50-824F-39B0FD47574A}.Debug|Any CPU.ActiveCfg = Debug|Any CPU
		{50879A66-3998-4E50-824F-39B0FD47574A}.Debug|Any CPU.Build.0 = Debug|Any CPU
		{50879A66-3998-4E50-824F-39B0FD47574A}.Release|Any CPU.ActiveCfg = Release|Any CPU
		{50879A66-3998-4E50-824F-39B0FD47574A}.Release|Any CPU.Build.0 = Release|Any CPU
	EndGlobalSection
	GlobalSection(SolutionProperties) = preSolution
		HideSolutionNode = FALSE
	EndGlobalSection
	GlobalSection(ExtensibilityGlobals) = postSolution
		SolutionGuid = {50FA4F08-1258-4EE2-AF0E-F58AD4925D7B}
	EndGlobalSection
EndGlobal
